PODS:
  - FBSnapshotTestCase (2.1.4):
    - FBSnapshotTestCase/SwiftSupport (= 2.1.4)
  - FBSnapshotTestCase/Core (2.1.4)
  - FBSnapshotTestCase/SwiftSupport (2.1.4):
    - FBSnapshotTestCase/Core
  - OCMock (3.4)

DEPENDENCIES:
  - FBSnapshotTestCase
  - OCMock

SPEC CHECKSUMS:
  FBSnapshotTestCase: 094f9f314decbabe373b87cc339bea235a63e07a
  OCMock: 35ae71d6a8fcc1b59434d561d1520b9dd4f15765

PODFILE CHECKSUM: 5628025a03d07ec0796cbbc203dc26891bdb7e4a

COCOAPODS: 1.2.0
